
Microsoft Visual Studio Solution File, Format Version 12.00
# Visual Studio Version 17
VisualStudioVersion = 17.8.34511.84
MinimumVisualStudioVersion = 10.0.40219.1
Project("{9A19103F-16F7-4668-BE54-9A1E7A4F7556}") = "EclecticXnet", "EclecticXnet.csproj", "{2FCA5347-5F8F-4D31-B77C-E80BEA676923}"
EndProject
Global
	GlobalSection(SolutionConfigurationPlatforms) = preSolution
		Debug|Any CPU = Debug|Any CPU
		Release|Any CPU = Release|Any CPU
	EndGlobalSection
	GlobalSection(ProjectConfigurationPlatforms) = postSolution
		{2FCA5347-5F8F-4D31-B77C-E80BEA676923}.Debug|Any CPU.ActiveCfg = Debug|Any CPU
		{2FCA5347-5F8F-4D31-B77C-E80BEA676923}.Debug|Any CPU.Build.0 = Debug|Any CPU
		{2FCA5347-5F8F-4D31-B77C-E80BEA676923}.Release|Any CPU.ActiveCfg = Release|Any CPU
		{2FCA5347-5F8F-4D31-B77C-E80BEA676923}.Release|Any CPU.Build.0 = Release|Any CPU
	EndGlobalSection
	GlobalSection(SolutionProperties) = preSolution
		HideSolutionNode = FALSE
	EndGlobalSection
	GlobalSection(ExtensibilityGlobals) = postSolution
		SolutionGuid = {6A21F757-B8D8-4919-BEA0-AD5B0B133192}
	EndGlobalSection
EndGlobal
